
Microsoft Visual Studio Solution File, Format Version 12.00
# Visual Studio Version 17
VisualStudioVersion = 17.2.32630.192
MinimumVisualStudioVersion = 10.0.40219.1
Project("{9A19103F-16F7-4668-BE54-9A1E7A4F7556}") = "MASSALALAR", "MASSALALAR\MASSALALAR.csproj", "{03624FB1-DE4A-4DE3-9A4D-EA2FD1DE70A3}"
EndProject
Project("{FAE04EC0-301F-11D3-BF4B-00C04F79EFBC}") = "msol 1", "msol 1\msol 1.csproj", "{A68B0BA6-1298-4EB9-A528-0048917C8123}"
EndProject
Project("{9A19103F-16F7-4668-BE54-9A1E7A4F7556}") = "msol_2", "msol_2\msol_2.csproj", "{5424B811-3DE5-4490-A064-C678D4E528FC}"
EndProject
Project("{9A19103F-16F7-4668-BE54-9A1E7A4F7556}") = "msol_3", "msol_3\msol_3.csproj", "{095B1E31-39F5-4911-B331-47FFF0FCB0CF}"
EndProject
Project("{9A19103F-16F7-4668-BE54-9A1E7A4F7556}") = "msol_4", "msol_4\msol_4.csproj", "{D3B59456-EF17-4CA0-8DEC-F92BBE97B2BA}"
EndProject
Project("{9A19103F-16F7-4668-BE54-9A1E7A4F7556}") = "msol_8", "msol_8\msol_8.csproj", "{52059D1B-AB2A-4D10-B449-70A55C12AE91}"
EndProject
Project("{9A19103F-16F7-4668-BE54-9A1E7A4F7556}") = "msol_9", "msol_9\msol_9.csproj", "{81C416AF-F58C-4BB5-BB89-A85398D0B044}"
EndProject
Project("{9A19103F-16F7-4668-BE54-9A1E7A4F7556}") = "msol_10", "msol_10\msol_10.csproj", "{AFE46AB9-0487-4929-9408-7F98CB412998}"
EndProject
Project("{9A19103F-16F7-4668-BE54-9A1E7A4F7556}") = "msol_11", "msol_11\msol_11.csproj", "{DA25EC1F-AF0C-4881-BFA3-1BB502AE5D54}"
EndProject
Project("{9A19103F-16F7-4668-BE54-9A1E7A4F7556}") = "msol_12", "msol_12\msol_12.csproj", "{AD2E6226-2FC7-4CB9-B6C7-6F711F6DC4ED}"
EndProject
Project("{9A19103F-16F7-4668-BE54-9A1E7A4F7556}") = "msol_13", "msol_13\msol_13.csproj", "{55A4493A-280E-411C-AD37-8702AEAF864A}"
EndProject
Project("{9A19103F-16F7-4668-BE54-9A1E7A4F7556}") = "msol_15", "msol_15\msol_15.csproj", "{47B1E99E-174E-4777-BBD0-CDF40906496B}"
EndProject
Project("{9A19103F-16F7-4668-BE54-9A1E7A4F7556}") = "msol_16", "msol_16\msol_16.csproj", "{8242C988-F2F0-44C6-870D-E3CCCB82FEB8}"
EndProject
Project("{9A19103F-16F7-4668-BE54-9A1E7A4F7556}") = "msol_17", "msol_17\msol_17.csproj", "{61F4C0BE-5DA5-457D-BB7A-FA0A52FF93A1}"
EndProject
Project("{FAE04EC0-301F-11D3-BF4B-00C04F79EFBC}") = "msol_22", "msol_22\msol_22.csproj", "{7E1A86CE-1E71-4EAA-B97B-7AF95D0A21F0}"
EndProject
Project("{FAE04EC0-301F-11D3-BF4B-00C04F79EFBC}") = "msol_23", "msol_23\msol_23.csproj", "{69772FD5-A6A4-43BC-8845-CDE34466EA96}"
EndProject
Project("{FAE04EC0-301F-11D3-BF4B-00C04F79EFBC}") = "msol_24", "msol_24\msol_24.csproj", "{FA2E01EB-DF15-45E0-A710-C55DD36EFA9B}"
EndProject
Project("{FAE04EC0-301F-11D3-BF4B-00C04F79EFBC}") = "msol_25", "msol_25\msol_25.csproj", "{4821E79D-65CC-47F6-A6EF-7940F95DB008}"
EndProject
Project("{FAE04EC0-301F-11D3-BF4B-00C04F79EFBC}") = "msol_26", "msol_26\msol_26.csproj", "{AC9DFB59-884A-443A-9F52-6907370A9D3F}"
EndProject
Project("{FAE04EC0-301F-11D3-BF4B-00C04F79EFBC}") = "msol_27", "msol_27\msol_27.csproj", "{AF9DA4DF-B160-4D50-B166-5BCF0B5CDC9A}"
EndProject
Project("{FAE04EC0-301F-11D3-BF4B-00C04F79EFBC}") = "msol_28", "msol_28\msol_28.csproj", "{E6B4113F-D58B-4454-AC6D-5E1A62348F91}"
EndProject
Project("{FAE04EC0-301F-11D3-BF4B-00C04F79EFBC}") = "msol_29", "msol_29\msol_29.csproj", "{7C5B567E-475E-434C-A027-5BF9B62B1966}"
EndProject
Project("{FAE04EC0-301F-11D3-BF4B-00C04F79EFBC}") = "msol_30", "msol_30\msol_30.csproj", "{480E90CE-974C-4B6A-910B-3257B3A47846}"
EndProject
Project("{FAE04EC0-301F-11D3-BF4B-00C04F79EFBC}") = "msol_31", "msol_31\msol_31.csproj", "{6F1049F8-C696-42B8-8554-D34B90E30BD3}"
EndProject
Project("{FAE04EC0-301F-11D3-BF4B-00C04F79EFBC}") = "msol_32", "msol_32\msol_32.csproj", "{52AB5567-0EC0-4FFA-BB5C-C7A31F51F989}"
EndProject
Global
	GlobalSection(SolutionConfigurationPlatforms) = preSolution
		Debug|Any CPU = Debug|Any CPU
		Release|Any CPU = Release|Any CPU
	EndGlobalSection
	GlobalSection(ProjectConfigurationPlatforms) = postSolution
		{03624FB1-DE4A-4DE3-9A4D-EA2FD1DE70A3}.Debug|Any CPU.ActiveCfg = Debug|Any CPU
		{03624FB1-DE4A-4DE3-9A4D-EA2FD1DE70A3}.Debug|Any CPU.Build.0 = Debug|Any CPU
		{03624FB1-DE4A-4DE3-9A4D-EA2FD1DE70A3}.Release|Any CPU.ActiveCfg = Release|Any CPU
		{03624FB1-DE4A-4DE3-9A4D-EA2FD1DE70A3}.Release|Any CPU.Build.0 = Release|Any CPU
		{A68B0BA6-1298-4EB9-A528-0048917C8123}.Debug|Any CPU.ActiveCfg = Debug|Any CPU
		{A68B0BA6-1298-4EB9-A528-0048917C8123}.Debug|Any CPU.Build.0 = Debug|Any CPU
		{A68B0BA6-1298-4EB9-A528-0048917C8123}.Release|Any CPU.ActiveCfg = Release|Any CPU
		{A68B0BA6-1298-4EB9-A528-0048917C8123}.Release|Any CPU.Build.0 = Release|Any CPU
		{5424B811-3DE5-4490-A064-C678D4E528FC}.Debug|Any CPU.ActiveCfg = Debug|Any CPU
		{5424B811-3DE5-4490-A064-C678D4E528FC}.Debug|Any CPU.Build.0 = Debug|Any CPU
		{5424B811-3DE5-4490-A064-C678D4E528FC}.Release|Any CPU.ActiveCfg = Release|Any CPU
		{5424B811-3DE5-4490-A064-C678D4E528FC}.Release|Any CPU.Build.0 = Release|Any CPU
		{095B1E31-39F5-4911-B331-47FFF0FCB0CF}.Debug|Any CPU.ActiveCfg = Debug|Any CPU
		{095B1E31-39F5-4911-B331-47FFF0FCB0CF}.Debug|Any CPU.Build.0 = Debug|Any CPU
		{095B1E31-39F5-4911-B331-47FFF0FCB0CF}.Release|Any CPU.ActiveCfg = Release|Any CPU
		{095B1E31-39F5-4911-B331-47FFF0FCB0CF}.Release|Any CPU.Build.0 = Release|Any CPU
		{D3B59456-EF17-4CA0-8DEC-F92BBE97B2BA}.Debug|Any CPU.ActiveCfg = Debug|Any CPU
		{D3B59456-EF17-4CA0-8DEC-F92BBE97B2BA}.Debug|Any CPU.Build.0 = Debug|Any CPU
		{D3B59456-EF17-4CA0-8DEC-F92BBE97B2BA}.Release|Any CPU.ActiveCfg = Release|Any CPU
		{D3B59456-EF17-4CA0-8DEC-F92BBE97B2BA}.Release|Any CPU.Build.0 = Release|Any CPU
		{52059D1B-AB2A-4D10-B449-70A55C12AE91}.Debug|Any CPU.ActiveCfg = Debug|Any CPU
		{52059D1B-AB2A-4D10-B449-70A55C12AE91}.Debug|Any CPU.Build.0 = Debug|Any CPU
		{52059D1B-AB2A-4D10-B449-70A55C12AE91}.Release|Any CPU.ActiveCfg = Release|Any CPU
		{52059D1B-AB2A-4D10-B449-70A55C12AE91}.Release|Any CPU.Build.0 = Release|Any CPU
		{81C416AF-F58C-4BB5-BB89-A85398D0B044}.Debug|Any CPU.ActiveCfg = Debug|Any CPU
		{81C416AF-F58C-4BB5-BB89-A85398D0B044}.Debug|Any CPU.Build.0 = Debug|Any CPU
		{81C416AF-F58C-4BB5-BB89-A85398D0B044}.Release|Any CPU.ActiveCfg = Release|Any CPU
		{81C416AF-F58C-4BB5-BB89-A85398D0B044}.Release|Any CPU.Build.0 = Release|Any CPU
		{AFE46AB9-0487-4929-9408-7F98CB412998}.Debug|Any CPU.ActiveCfg = Debug|Any CPU
		{AFE46AB9-0487-4929-9408-7F98CB412998}.Debug|Any CPU.Build.0 = Debug|Any CPU
		{AFE46AB9-0487-4929-9408-7F98CB412998}.Release|Any CPU.ActiveCfg = Release|Any CPU
		{AFE46AB9-0487-4929-9408-7F98CB412998}.Release|Any CPU.Build.0 = Release|Any CPU
		{DA25EC1F-AF0C-4881-BFA3-1BB502AE5D54}.Debug|Any CPU.ActiveCfg = Debug|Any CPU
		{DA25EC1F-AF0C-4881-BFA3-1BB502AE5D54}.Debug|Any CPU.Build.0 = Debug|Any CPU
		{DA25EC1F-AF0C-4881-BFA3-1BB502AE5D54}.Release|Any CPU.ActiveCfg = Release|Any CPU
		{DA25EC1F-AF0C-4881-BFA3-1BB502AE5D54}.Release|Any CPU.Build.0 = Release|Any CPU
		{AD2E6226-2FC7-4CB9-B6C7-6F711F6DC4ED}.Debug|Any CPU.ActiveCfg = Debug|Any CPU
		{AD2E6226-2FC7-4CB9-B6C7-6F711F6DC4ED}.Debug|Any CPU.Build.0 = Debug|Any CPU
		{AD2E6226-2FC7-4CB9-B6C7-6F711F6DC4ED}.Release|Any CPU.ActiveCfg = Release|Any CPU
		{AD2E6226-2FC7-4CB9-B6C7-6F711F6DC4ED}.Release|Any CPU.Build.0 = Release|Any CPU
		{55A4493A-280E-411C-AD37-8702AEAF864A}.Debug|Any CPU.ActiveCfg = Debug|Any CPU
		{55A4493A-280E-411C-AD37-8702AEAF864A}.Debug|Any CPU.Build.0 = Debug|Any CPU
		{55A4493A-280E-411C-AD37-8702AEAF864A}.Release|Any CPU.ActiveCfg = Release|Any CPU
		{55A4493A-280E-411C-AD37-8702AEAF864A}.Release|Any CPU.Build.0 = Release|Any CPU
		{47B1E99E-174E-4777-BBD0-CDF40906496B}.Debug|Any CPU.ActiveCfg = Debug|Any CPU
		{47B1E99E-174E-4777-BBD0-CDF40906496B}.Debug|Any CPU.Build.0 = Debug|Any CPU
		{47B1E99E-174E-4777-BBD0-CDF40906496B}.Release|Any CPU.ActiveCfg = Release|Any CPU
		{47B1E99E-174E-4777-BBD0-CDF40906496B}.Release|Any CPU.Build.0 = Release|Any CPU
		{8242C988-F2F0-44C6-870D-E3CCCB82FEB8}.Debug|Any CPU.ActiveCfg = Debug|Any CPU
		{8242C988-F2F0-44C6-870D-E3CCCB82FEB8}.Debug|Any CPU.Build.0 = Debug|Any CPU
		{8242C988-F2F0-44C6-870D-E3CCCB82FEB8}.Release|Any CPU.ActiveCfg = Release|Any CPU
		{8242C988-F2F0-44C6-870D-E3CCCB82FEB8}.Release|Any CPU.Build.0 = Release|Any CPU
		{61F4C0BE-5DA5-457D-BB7A-FA0A52FF93A1}.Debug|Any CPU.ActiveCfg = Debug|Any CPU
		{61F4C0BE-5DA5-457D-BB7A-FA0A52FF93A1}.Debug|Any CPU.Build.0 = Debug|Any CPU
		{61F4C0BE-5DA5-457D-BB7A-FA0A52FF93A1}.Release|Any CPU.ActiveCfg = Release|Any CPU
		{61F4C0BE-5DA5-457D-BB7A-FA0A52FF93A1}.Release|Any CPU.Build.0 = Release|Any CPU
		{7E1A86CE-1E71-4EAA-B97B-7AF95D0A21F0}.Debug|Any CPU.ActiveCfg = Debug|Any CPU
		{7E1A86CE-1E71-4EAA-B97B-7AF95D0A21F0}.Debug|Any CPU.Build.0 = Debug|Any CPU
		{7E1A86CE-1E71-4EAA-B97B-7AF95D0A21F0}.Release|Any CPU.ActiveCfg = Release|Any CPU
		{7E1A86CE-1E71-4EAA-B97B-7AF95D0A21F0}.Release|Any CPU.Build.0 = Release|Any CPU
		{69772FD5-A6A4-43BC-8845-CDE34466EA96}.Debug|Any CPU.ActiveCfg = Debug|Any CPU
		{69772FD5-A6A4-43BC-8845-CDE34466EA96}.Debug|Any CPU.Build.0 = Debug|Any CPU
		{69772FD5-A6A4-43BC-8845-CDE34466EA96}.Release|Any CPU.ActiveCfg = Release|Any CPU
		{69772FD5-A6A4-43BC-8845-CDE34466EA96}.Release|Any CPU.Build.0 = Release|Any CPU
		{FA2E01EB-DF15-45E0-A710-C55DD36EFA9B}.Debug|Any CPU.ActiveCfg = Debug|Any CPU
		{FA2E01EB-DF15-45E0-A710-C55DD36EFA9B}.Debug|Any CPU.Build.0 = Debug|Any CPU
		{FA2E01EB-DF15-45E0-A710-C55DD36EFA9B}.Release|Any CPU.ActiveCfg = Release|Any CPU
		{FA2E01EB-DF15-45E0-A710-C55DD36EFA9B}.Release|Any CPU.Build.0 = Release|Any CPU
		{4821E79D-65CC-47F6-A6EF-7940F95DB008}.Debug|Any CPU.ActiveCfg = Debug|Any CPU
		{4821E79D-65CC-47F6-A6EF-7940F95DB008}.Debug|Any CPU.Build.0 = Debug|Any CPU
		{4821E79D-65CC-47F6-A6EF-7940F95DB008}.Release|Any CPU.ActiveCfg = Release|Any CPU
		{4821E79D-65CC-47F6-A6EF-7940F95DB008}.Release|Any CPU.Build.0 = Release|Any CPU
		{AC9DFB59-884A-443A-9F52-6907370A9D3F}.Debug|Any CPU.ActiveCfg = Debug|Any CPU
		{AC9DFB59-884A-443A-9F52-6907370A9D3F}.Debug|Any CPU.Build.0 = Debug|Any CPU
		{AC9DFB59-884A-443A-9F52-6907370A9D3F}.Release|Any CPU.ActiveCfg = Release|Any CPU
		{AC9DFB59-884A-443A-9F52-6907370A9D3F}.Release|Any CPU.Build.0 = Release|Any CPU
		{AF9DA4DF-B160-4D50-B166-5BCF0B5CDC9A}.Debug|Any CPU.ActiveCfg = Debug|Any CPU
		{AF9DA4DF-B160-4D50-B166-5BCF0B5CDC9A}.Debug|Any CPU.Build.0 = Debug|Any CPU
		{AF9DA4DF-B160-4D50-B166-5BCF0B5CDC9A}.Release|Any CPU.ActiveCfg = Release|Any CPU
		{AF9DA4DF-B160-4D50-B166-5BCF0B5CDC9A}.Release|Any CPU.Build.0 = Release|Any CPU
		{E6B4113F-D58B-4454-AC6D-5E1A62348F91}.Debug|Any CPU.ActiveCfg = Debug|Any CPU
		{E6B4113F-D58B-4454-AC6D-5E1A62348F91}.Debug|Any CPU.Build.0 = Debug|Any CPU
		{E6B4113F-D58B-4454-AC6D-5E1A62348F91}.Release|Any CPU.ActiveCfg = Release|Any CPU
		{E6B4113F-D58B-4454-AC6D-5E1A62348F91}.Release|Any CPU.Build.0 = Release|Any CPU
		{7C5B567E-475E-434C-A027-5BF9B62B1966}.Debug|Any CPU.ActiveCfg = Debug|Any CPU
		{7C5B567E-475E-434C-A027-5BF9B62B1966}.Debug|Any CPU.Build.0 = Debug|Any CPU
		{7C5B567E-475E-434C-A027-5BF9B62B1966}.Release|Any CPU.ActiveCfg = Release|Any CPU
		{7C5B567E-475E-434C-A027-5BF9B62B1966}.Release|Any CPU.Build.0 = Release|Any CPU
		{480E90CE-974C-4B6A-910B-3257B3A47846}.Debug|Any CPU.ActiveCfg = Debug|Any CPU
		{480E90CE-974C-4B6A-910B-3257B3A47846}.Debug|Any CPU.Build.0 = Debug|Any CPU
		{480E90CE-974C-4B6A-910B-3257B3A47846}.Release|Any CPU.ActiveCfg = Release|Any CPU
		{480E90CE-974C-4B6A-910B-3257B3A47846}.Release|Any CPU.Build.0 = Release|Any CPU
		{6F1049F8-C696-42B8-8554-D34B90E30BD3}.Debug|Any CPU.ActiveCfg = Debug|Any CPU
		{6F1049F8-C696-42B8-8554-D34B90E30BD3}.Debug|Any CPU.Build.0 = Debug|Any CPU
		{6F1049F8-C696-42B8-8554-D34B90E30BD3}.Release|Any CPU.ActiveCfg = Release|Any CPU
		{6F1049F8-C696-42B8-8554-D34B90E30BD3}.Release|Any CPU.Build.0 = Release|Any CPU
		{52AB5567-0EC0-4FFA-BB5C-C7A31F51F989}.Debug|Any CPU.ActiveCfg = Debug|Any CPU
		{52AB5567-0EC0-4FFA-BB5C-C7A31F51F989}.Debug|Any CPU.Build.0 = Debug|Any CPU
		{52AB5567-0EC0-4FFA-BB5C-C7A31F51F989}.Release|Any CPU.ActiveCfg = Release|Any CPU
		{52AB5567-0EC0-4FFA-BB5C-C7A31F51F989}.Release|Any CPU.Build.0 = Release|Any CPU
	EndGlobalSection
	GlobalSection(SolutionProperties) = preSolution
		HideSolutionNode = FALSE
	EndGlobalSection
	GlobalSection(ExtensibilityGlobals) = postSolution
		SolutionGuid = {E505888D-9A65-4150-A320-554851D699C1}
	EndGlobalSection
EndGlobal
