
Microsoft Visual Studio Solution File, Format Version 12.00
# Visual Studio Version 17
VisualStudioVersion = 17.2.32630.192
MinimumVisualStudioVersion = 10.0.40219.1
Project("{FAE04EC0-301F-11D3-BF4B-00C04F79EFBC}") = "Xarajat.Api", "Xarajat.Api\Xarajat.Api.csproj", "{2936CCB4-9A78-467C-8E26-C9307A97ECE4}"
EndProject
Global
	GlobalSection(SolutionConfigurationPlatforms) = preSolution
		Debug|Any CPU = Debug|Any CPU
		Release|Any CPU = Release|Any CPU
	EndGlobalSection
	GlobalSection(ProjectConfigurationPlatforms) = postSolution
		{2936CCB4-9A78-467C-8E26-C9307A97ECE4}.Debug|Any CPU.ActiveCfg = Debug|Any CPU
		{2936CCB4-9A78-467C-8E26-C9307A97ECE4}.Debug|Any CPU.Build.0 = Debug|Any CPU
		{2936CCB4-9A78-467C-8E26-C9307A97ECE4}.Release|Any CPU.ActiveCfg = Release|Any CPU
		{2936CCB4-9A78-467C-8E26-C9307A97ECE4}.Release|Any CPU.Build.0 = Release|Any CPU
	EndGlobalSection
	GlobalSection(SolutionProperties) = preSolution
		HideSolutionNode = FALSE
	EndGlobalSection
	GlobalSection(ExtensibilityGlobals) = postSolution
		SolutionGuid = {067CEA6D-78AA-4E41-A8CB-E62FA21870A2}
	EndGlobalSection
EndGlobal
