
Microsoft Visual Studio Solution File, Format Version 12.00
# Visual Studio Version 17
VisualStudioVersion = 17.2.32630.192
MinimumVisualStudioVersion = 10.0.40219.1
Project("{FAE04EC0-301F-11D3-BF4B-00C04F79EFBC}") = "lesson 6", "lesson 6\lesson 6.csproj", "{DEAD20EA-8AC5-4933-8477-6EE85D5DF03C}"
EndProject
Global
	GlobalSection(SolutionConfigurationPlatforms) = preSolution
		Debug|Any CPU = Debug|Any CPU
		Release|Any CPU = Release|Any CPU
	EndGlobalSection
	GlobalSection(ProjectConfigurationPlatforms) = postSolution
		{DEAD20EA-8AC5-4933-8477-6EE85D5DF03C}.Debug|Any CPU.ActiveCfg = Debug|Any CPU
		{DEAD20EA-8AC5-4933-8477-6EE85D5DF03C}.Debug|Any CPU.Build.0 = Debug|Any CPU
		{DEAD20EA-8AC5-4933-8477-6EE85D5DF03C}.Release|Any CPU.ActiveCfg = Release|Any CPU
		{DEAD20EA-8AC5-4933-8477-6EE85D5DF03C}.Release|Any CPU.Build.0 = Release|Any CPU
	EndGlobalSection
	GlobalSection(SolutionProperties) = preSolution
		HideSolutionNode = FALSE
	EndGlobalSection
	GlobalSection(ExtensibilityGlobals) = postSolution
		SolutionGuid = {F867B41F-B3EF-4943-AB8E-7E3607DAAC00}
	EndGlobalSection
EndGlobal
