
Microsoft Visual Studio Solution File, Format Version 12.00
# Visual Studio Version 17
VisualStudioVersion = 17.2.32630.192
MinimumVisualStudioVersion = 10.0.40219.1
Project("{FAE04EC0-301F-11D3-BF4B-00C04F79EFBC}") = "WebMvc", "WebMvc\WebMvc.csproj", "{D36CE0B8-EA99-488E-B133-824D0BE6A962}"
EndProject
Global
	GlobalSection(SolutionConfigurationPlatforms) = preSolution
		Debug|Any CPU = Debug|Any CPU
		Release|Any CPU = Release|Any CPU
	EndGlobalSection
	GlobalSection(ProjectConfigurationPlatforms) = postSolution
		{D36CE0B8-EA99-488E-B133-824D0BE6A962}.Debug|Any CPU.ActiveCfg = Debug|Any CPU
		{D36CE0B8-EA99-488E-B133-824D0BE6A962}.Debug|Any CPU.Build.0 = Debug|Any CPU
		{D36CE0B8-EA99-488E-B133-824D0BE6A962}.Release|Any CPU.ActiveCfg = Release|Any CPU
		{D36CE0B8-EA99-488E-B133-824D0BE6A962}.Release|Any CPU.Build.0 = Release|Any CPU
	EndGlobalSection
	GlobalSection(SolutionProperties) = preSolution
		HideSolutionNode = FALSE
	EndGlobalSection
	GlobalSection(ExtensibilityGlobals) = postSolution
		SolutionGuid = {093F3C39-CBAB-4D25-8E0F-589E47EA0DA9}
	EndGlobalSection
EndGlobal
